Microsoft Visual Studio Solution File, Format Version 12.00
# Visual Studio Version 17
VisualStudioVersion = 17.10.35013.160
MinimumVisualStudioVersion = 10.0.40219.1
Project("{2150E333-8FDC-42A3-9474-1A3956D46DE8}") = "src", "src", "{587824EA-0B1A-4597-A1B2-D98F27EC86A1}"
EndProject
Project("{2150E333-8FDC-42A3-9474-1A3956D46DE8}") = "tests", "tests", "{BA34B234-6C96-4628-ABD2-2D5F598C9346}"
EndProject
Project("{9A19103F-16F7-4668-BE54-9A1E7A4F7556}") = "Pharmacy.Api", "src\Pharmacy.Api\Pharmacy.Api.csproj", "{75EB093A-7DBC-4563-86DA-AF654372D154}"
EndProject
Project("{9A19103F-16F7-4668-BE54-9A1E7A4F7556}") = "Pharmacy.Api.Tests", "tests\Pharmacy.Api.Tests\Pharmacy.Api.Tests.csproj", "{376BEA96-D79D-4D08-808B-509481A231D6}"
EndProject
Global
	GlobalSection(SolutionConfigurationPlatforms) = preSolution
		Debug|Any CPU = Debug|Any CPU
		Release|Any CPU = Release|Any CPU
	EndGlobalSection
	GlobalSection(ProjectConfigurationPlatforms) = postSolution
		{75EB093A-7DBC-4563-86DA-AF654372D154}.Debug|Any CPU.ActiveCfg = Debug|Any CPU
		{75EB093A-7DBC-4563-86DA-AF654372D154}.Debug|Any CPU.Build.0 = Debug|Any CPU
		{75EB093A-7DBC-4563-86DA-AF654372D154}.Release|Any CPU.ActiveCfg = Release|Any CPU
		{75EB093A-7DBC-4563-86DA-AF654372D154}.Release|Any CPU.Build.0 = Release|Any CPU
		{376BEA96-D79D-4D08-808B-509481A231D6}.Debug|Any CPU.ActiveCfg = Debug|Any CPU
		{376BEA96-D79D-4D08-808B-509481A231D6}.Debug|Any CPU.Build.0 = Debug|Any CPU
		{376BEA96-D79D-4D08-808B-509481A231D6}.Release|Any CPU.ActiveCfg = Release|Any CPU
		{376BEA96-D79D-4D08-808B-509481A231D6}.Release|Any CPU.Build.0 = Release|Any CPU
	EndGlobalSection
	GlobalSection(SolutionProperties) = preSolution
		HideSolutionNode = FALSE
	EndGlobalSection
	GlobalSection(NestedProjects) = postSolution
		{75EB093A-7DBC-4563-86DA-AF654372D154} = {587824EA-0B1A-4597-A1B2-D98F27EC86A1}
		{376BEA96-D79D-4D08-808B-509481A231D6} = {BA34B234-6C96-4628-ABD2-2D5F598C9346}
	EndGlobalSection
EndGlobal
